# THIS IS AN AUTOGENERATED FILE. DO NOT EDIT THIS FILE DIRECTLY.
# yarn lockfile v1


"@types/hapi__joi@^17.1.2":
  version "17.1.2"
  resolved "https://registry.yarnpkg.com/@types/hapi__joi/-/hapi__joi-17.1.2.tgz#f547d45b5d33677d1807ec217aeee832dc7e6334"
  integrity sha512-2S6+hBISRQ5Ca6/9zfQi7zPueWMGyZxox6xicqJuW1/aC/6ambLyh+gDqY5fi8JBuHmGKMHldSfEpIXJtTmGKQ==
